// !$*UTF8*$!
{
	archiveVersion = 1;
	classes = {
	};
	objectVersion = 55;
	objects = {

/* Begin PBXBuildFile section */
		7BCE63E8285AFD7B005AAD24 /* AppDelegate.swift in Sources */ = {isa = PBXBuildFile; fileRef = 7BCE63E7285AFD7B005AAD24 /* AppDelegate.swift */; };
		7BCE63EA285AFD7B005AAD24 /* SceneDelegate.swift in Sources */ = {isa = PBXBuildFile; fileRef = 7BCE63E9285AFD7B005AAD24 /* SceneDelegate.swift */; };
		7BCE63EC285AFD7B005AAD24 /* TableViewController.swift in Sources */ = {isa = PBXBuildFile; fileRef = 7BCE63EB285AFD7B005AAD24 /* TableViewController.swift */; };
		7BCE63EF285AFD7B005AAD24 /* Main.storyboard in Resources */ = {isa = PBXBuildFile; fileRef = 7BCE63ED285AFD7B005AAD24 /* Main.storyboard */; };
		7BCE63F2285AFD7B005AAD24 /* ToDoList.xcdatamodeld in Sources */ = {isa = PBXBuildFile; fileRef = 7BCE63F0285AFD7B005AAD24 /* ToDoList.xcdatamodeld */; };
		7BCE63F4285AFD7E005AAD24 /* Assets.xcassets in Resources */ = {isa = PBXBuildFile; fileRef = 7BCE63F3285AFD7E005AAD24 /* Assets.xcassets */; };
		7BCE63F7285AFD7E005AAD24 /* LaunchScreen.storyboard in Resources */ = {isa = PBXBuildFile; fileRef = 7BCE63F5285AFD7E005AAD24 /* LaunchScreen.storyboard */; };
		7BCE640C285B0023005AAD24 /* ToDoListItem+CoreDataClass.swift in Sources */ = {isa = PBXBuildFile; fileRef = 7BCE640A285B0023005AAD24 /* ToDoListItem+CoreDataClass.swift */; };
		7BCE640D285B0023005AAD24 /* ToDoListItem+CoreDataProperties.swift in Sources */ = {isa = PBXBuildFile; fileRef = 7BCE640B285B0023005AAD24 /* ToDoListItem+CoreDataProperties.swift */; };
		7BCE6410285B0EFC005AAD24 /* DetailTaskController.swift in Sources */ = {isa = PBXBuildFile; fileRef = 7BCE640F285B0EFC005AAD24 /* DetailTaskController.swift */; };
		7BCE6412285B2DA3005AAD24 /* CellTableView.swift in Sources */ = {isa = PBXBuildFile; fileRef = 7BCE6411285B2DA3005AAD24 /* CellTableView.swift */; };
/* End PBXBuildFile section */

/* Begin PBXFileReference section */
		7BCE63E4285AFD7B005AAD24 /* ToDoList.app */ = {isa = PBXFileReference; explicitFileType = wrapper.application; includeInIndex = 0; path = ToDoList.app; sourceTree = BUILT_PRODUCTS_DIR; };
		7BCE63E7285AFD7B005AAD24 /* AppDelegate.swift */ = {isa = PBXFileReference; lastKnownFileType = sourcecode.swift; path = AppDelegate.swift; sourceTree = "<group>"; };
		7BCE63E9285AFD7B005AAD24 /* SceneDelegate.swift */ = {isa = PBXFileReference; lastKnownFileType = sourcecode.swift; path = SceneDelegate.swift; sourceTree = "<group>"; };
		7BCE63EB285AFD7B005AAD24 /* TableViewController.swift */ = {isa = PBXFileReference; lastKnownFileType = sourcecode.swift; path = TableViewController.swift; sourceTree = "<group>"; };
		7BCE63EE285AFD7B005AAD24 /* Base */ = {isa = PBXFileReference; lastKnownFileType = file.storyboard; name = Base; path = Base.lproj/Main.storyboard; sourceTree = "<group>"; };
		7BCE63F1285AFD7B005AAD24 /* ToDoList.xcdatamodel */ = {isa = PBXFileReference; lastKnownFileType = wrapper.xcdatamodel; path = ToDoList.xcdatamodel; sourceTree = "<group>"; };
		7BCE63F3285AFD7E005AAD24 /* Assets.xcassets */ = {isa = PBXFileReference; lastKnownFileType = folder.assetcatalog; path = Assets.xcassets; sourceTree = "<group>"; };
		7BCE63F6285AFD7E005AAD24 /* Base */ = {isa = PBXFileReference; lastKnownFileType = file.storyboard; name = Base; path = Base.lproj/LaunchScreen.storyboard; sourceTree = "<group>"; };
		7BCE63F8285AFD7E005AAD24 /* Info.plist */ = {isa = PBXFileReference; lastKnownFileType = text.plist.xml; path = Info.plist; sourceTree = "<group>"; };
		7BCE640A285B0023005AAD24 /* ToDoListItem+CoreDataClass.swift */ = {isa = PBXFileReference; lastKnownFileType = sourcecode.swift; path = "ToDoListItem+CoreDataClass.swift"; sourceTree = "<group>"; };
		7BCE640B285B0023005AAD24 /* ToDoListItem+CoreDataProperties.swift */ = {isa = PBXFileReference; lastKnownFileType = sourcecode.swift; path = "ToDoListItem+CoreDataProperties.swift"; sourceTree = "<group>"; };
		7BCE640F285B0EFC005AAD24 /* DetailTaskController.swift */ = {isa = PBXFileReference; lastKnownFileType = sourcecode.swift; path = DetailTaskController.swift; sourceTree = "<group>"; };
		7BCE6411285B2DA3005AAD24 /* CellTableView.swift */ = {isa = PBXFileReference; lastKnownFileType = sourcecode.swift; path = CellTableView.swift; sourceTree = "<group>"; };
/* End PBXFileReference section */

/* Begin PBXFrameworksBuildPhase section */
		7BCE63E1285AFD7B005AAD24 /* Frameworks */ = {
			isa = PBXFrameworksBuildPhase;
			buildActionMask = 2147483647;
			files = (
			);
			runOnlyForDeploymentPostprocessing = 0;
		};
/* End PBXFrameworksBuildPhase section */

/* Begin PBXGroup section */
		7BCE63DB285AFD7B005AAD24 = {
			isa = PBXGroup;
			children = (
				7BCE63E6285AFD7B005AAD24 /* ToDoList */,
				7BCE63E5285AFD7B005AAD24 /* Products */,
			);
			sourceTree = "<group>";
		};
		7BCE63E5285AFD7B005AAD24 /* Products */ = {
			isa = PBXGroup;
			children = (
				7BCE63E4285AFD7B005AAD24 /* ToDoList.app */,
			);
			name = Products;
			sourceTree = "<group>";
		};
		7BCE63E6285AFD7B005AAD24 /* ToDoList */ = {
			isa = PBXGroup;
			children = (
				7BCE640E285B0030005AAD24 /* ToDoListItem */,
				7BCE63E7285AFD7B005AAD24 /* AppDelegate.swift */,
				7BCE63E9285AFD7B005AAD24 /* SceneDelegate.swift */,
				7BCE63EB285AFD7B005AAD24 /* TableViewController.swift */,
				7BCE63ED285AFD7B005AAD24 /* Main.storyboard */,
				7BCE6411285B2DA3005AAD24 /* CellTableView.swift */,
				7BCE640F285B0EFC005AAD24 /* DetailTaskController.swift */,
				7BCE63F3285AFD7E005AAD24 /* Assets.xcassets */,
				7BCE63F5285AFD7E005AAD24 /* LaunchScreen.storyboard */,
				7BCE63F8285AFD7E005AAD24 /* Info.plist */,
				7BCE63F0285AFD7B005AAD24 /* ToDoList.xcdatamodeld */,
			);
			path = ToDoList;
			sourceTree = "<group>";
		};
		7BCE640E285B0030005AAD24 /* ToDoListItem */ = {
			isa = PBXGroup;
			children = (
				7BCE640A285B0023005AAD24 /* ToDoListItem+CoreDataClass.swift */,
				7BCE640B285B0023005AAD24 /* ToDoListItem+CoreDataProperties.swift */,
			);
			path = ToDoListItem;
			sourceTree = "<group>";
		};
/* End PBXGroup section */

/* Begin PBXNativeTarget section */
		7BCE63E3285AFD7B005AAD24 /* ToDoList */ = {
			isa = PBXNativeTarget;
			buildConfigurationList = 7BCE63FB285AFD7E005AAD24 /* Build configuration list for PBXNativeTarget "ToDoList" */;
			buildPhases = (
				7BCE63E0285AFD7B005AAD24 /* Sources */,
				7BCE63E1285AFD7B005AAD24 /* Frameworks */,
				7BCE63E2285AFD7B005AAD24 /* Resources */,
			);
			buildRules = (
			);
			dependencies = (
			);
			name = ToDoList;
			productName = ToDoList;
			productReference = 7BCE63E4285AFD7B005AAD24 /* ToDoList.app */;
			productType = "com.apple.product-type.application";
		};
/* End PBXNativeTarget section */

/* Begin PBXProject section */
		7BCE63DC285AFD7B005AAD24 /* Project object */ = {
			isa = PBXProject;
			attributes = {
				BuildIndependentTargetsInParallel = 1;
				LastSwiftUpdateCheck = 1330;
				LastUpgradeCheck = 1330;
				TargetAttributes = {
					7BCE63E3285AFD7B005AAD24 = {
						CreatedOnToolsVersion = 13.3.1;
					};
				};
			};
			buildConfigurationList = 7BCE63DF285AFD7B005AAD24 /* Build configuration list for PBXProject "ToDoList" */;
			compatibilityVersion = "Xcode 13.0";
			developmentRegion = en;
			hasScannedForEncodings = 0;
			knownRegions = (
				en,
				Base,
			);
			mainGroup = 7BCE63DB285AFD7B005AAD24;
			productRefGroup = 7BCE63E5285AFD7B005AAD24 /* Products */;
			projectDirPath = "";
			projectRoot = "";
			targets = (
				7BCE63E3285AFD7B005AAD24 /* ToDoList */,
			);
		};
/* End PBXProject section */

/* Begin PBXResourcesBuildPhase section */
		7BCE63E2285AFD7B005AAD24 /* Resources */ = {
			isa = PBXResourcesBuildPhase;
			buildActionMask = 2147483647;
			files = (
				7BCE63F7285AFD7E005AAD24 /* LaunchScreen.storyboard in Resources */,
				7BCE63F4285AFD7E005AAD24 /* Assets.xcassets in Resources */,
				7BCE63EF285AFD7B005AAD24 /* Main.storyboard in Resources */,
			);
			runOnlyForDeploymentPostprocessing = 0;
		};
/* End PBXResourcesBuildPhase section */

/* Begin PBXSourcesBuildPhase section */
		7BCE63E0285AFD7B005AAD24 /* Sources */ = {
			isa = PBXSourcesBuildPhase;
			buildActionMask = 2147483647;
			files = (
				7BCE63EC285AFD7B005AAD24 /* TableViewController.swift in Sources */,
				7BCE6412285B2DA3005AAD24 /* CellTableView.swift in Sources */,
				7BCE63E8285AFD7B005AAD24 /* AppDelegate.swift in Sources */,
				7BCE63EA285AFD7B005AAD24 /* SceneDelegate.swift in Sources */,
				7BCE6410285B0EFC005AAD24 /* DetailTaskController.swift in Sources */,
				7BCE640C285B0023005AAD24 /* ToDoListItem+CoreDataClass.swift in Sources */,
				7BCE640D285B0023005AAD24 /* ToDoListItem+CoreDataProperties.swift in Sources */,
				7BCE63F2285AFD7B005AAD24 /* ToDoList.xcdatamodeld in Sources */,
			);
			runOnlyForDeploymentPostprocessing = 0;
		};
/* End PBXSourcesBuildPhase section */

/* Begin PBXVariantGroup section */
		7BCE63ED285AFD7B005AAD24 /* Main.storyboard */ = {
			isa = PBXVariantGroup;
			children = (
				7BCE63EE285AFD7B005AAD24 /* Base */,
			);
			name = Main.storyboard;
			sourceTree = "<group>";
		};
		7BCE63F5285AFD7E005AAD24 /* LaunchScreen.storyboard */ = {
			isa = PBXVariantGroup;
			children = (
				7BCE63F6285AFD7E005AAD24 /* Base */,
			);
			name = LaunchScreen.storyboard;
			sourceTree = "<group>";
		};
/* End PBXVariantGroup section */

/* Begin XCBuildConfiguration section */
		7BCE63F9285AFD7E005AAD24 /* Debug */ = {
			isa = XCBuildConfiguration;
			buildSettings = {
				ALWAYS_SEARCH_USER_PATHS = NO;
				CLANG_ANALYZER_NONNULL = YES;
				CLANG_ANALYZER_NUMBER_OBJECT_CONVERSION = YES_AGGRESSIVE;
				CLANG_CXX_LANGUAGE_STANDARD = "gnu++17";
				CLANG_ENABLE_MODULES = YES;
				CLANG_ENABLE_OBJC_ARC = YES;
				CLANG_ENABLE_OBJC_WEAK = YES;
				CLANG_WARN_BLOCK_CAPTURE_AUTORELEASING = YES;
				CLANG_WARN_BOOL_CONVERSION = YES;
				CLANG_WARN_COMMA = YES;
				CLANG_WARN_CONSTANT_CONVERSION = YES;
				CLANG_WARN_DEPRECATED_OBJC_IMPLEMENTATIONS = YES;
				CLANG_WARN_DIRECT_OBJC_ISA_USAGE = YES_ERROR;
				CLANG_WARN_DOCUMENTATION_COMMENTS = YES;
				CLANG_WARN_EMPTY_BODY = YES;
				CLANG_WARN_ENUM_CONVERSION = YES;
				CLANG_WARN_INFINITE_RECURSION = YES;
				CLANG_WARN_INT_CONVERSION = YES;
				CLANG_WARN_NON_LITERAL_NULL_CONVERSION = YES;
				CLANG_WARN_OBJC_IMPLICIT_RETAIN_SELF = YES;
				CLANG_WARN_OBJC_LITERAL_CONVERSION = YES;
				CLANG_WARN_OBJC_ROOT_CLASS = YES_ERROR;
				CLANG_WARN_QUOTED_INCLUDE_IN_FRAMEWORK_HEADER = YES;
				CLANG_WARN_RANGE_LOOP_ANALYSIS = YES;
				CLANG_WARN_STRICT_PROTOTYPES = YES;
				CLANG_WARN_SUSPICIOUS_MOVE = YES;
				CLANG_WARN_UNGUARDED_AVAILABILITY = YES_AGGRESSIVE;
				CLANG_WARN_UNREACHABLE_CODE = YES;
				CLANG_WARN__DUPLICATE_METHOD_MATCH = YES;
				COPY_PHASE_STRIP = NO;
				DEBUG_INFORMATION_FORMAT = dwarf;
				ENABLE_STRICT_OBJC_MSGSEND = YES;
				ENABLE_TESTABILITY = YES;
				GCC_C_LANGUAGE_STANDARD = gnu11;
				GCC_DYNAMIC_NO_PIC = NO;
				GCC_NO_COMMON_BLOCKS = YES;
				GCC_OPTIMIZATION_LEVEL = 0;
				GCC_PREPROCESSOR_DEFINITIONS = (
					"DEBUG=1",
					"$(inherited)",
				);
				GCC_WARN_64_TO_32_BIT_CONVERSION = YES;
				GCC_WARN_ABOUT_RETURN_TYPE = YES_ERROR;
				GCC_WARN_UNDECLARED_SELECTOR = YES;
				GCC_WARN_UNINITIALIZED_AUTOS = YES_AGGRESSIVE;
				GCC_WARN_UNUSED_FUNCTION = YES;
				GCC_WARN_UNUSED_VARIABLE = YES;
				IPHONEOS_DEPLOYMENT_TARGET = 15.4;
				MTL_ENABLE_DEBUG_INFO = INCLUDE_SOURCE;
				MTL_FAST_MATH = YES;
				ONLY_ACTIVE_ARCH = YES;
				SDKROOT = iphoneos;
				SWIFT_ACTIVE_COMPILATION_CONDITIONS = DEBUG;
				SWIFT_OPTIMIZATION_LEVEL = "-Onone";
			};
			name = Debug;
		};
		7BCE63FA285AFD7E005AAD24 /* Release */ = {
			isa = XCBuildConfiguration;
			buildSettings = {
				ALWAYS_SEARCH_USER_PATHS = NO;
				CLANG_ANALYZER_NONNULL = YES;
				CLANG_ANALYZER_NUMBER_OBJECT_CONVERSION = YES_AGGRESSIVE;
				CLANG_CXX_LANGUAGE_STANDARD = "gnu++17";
				CLANG_ENABLE_MODULES = YES;
				CLANG_ENABLE_OBJC_ARC = YES;
				CLANG_ENABLE_OBJC_WEAK = YES;
				CLANG_WARN_BLOCK_CAPTURE_AUTORELEASING = YES;
				CLANG_WARN_BOOL_CONVERSION = YES;
				CLANG_WARN_COMMA = YES;
				CLANG_WARN_CONSTANT_CONVERSION = YES;
				CLANG_WARN_DEPRECATED_OBJC_IMPLEMENTATIONS = YES;
				CLANG_WARN_DIRECT_OBJC_ISA_USAGE = YES_ERROR;
				CLANG_WARN_DOCUMENTATION_COMMENTS = YES;
				CLANG_WARN_EMPTY_BODY = YES;
				CLANG_WARN_ENUM_CONVERSION = YES;
				CLANG_WARN_INFINITE_RECURSION = YES;
				CLANG_WARN_INT_CONVERSION = YES;
				CLANG_WARN_NON_LITERAL_NULL_CONVERSION = YES;
				CLANG_WARN_OBJC_IMPLICIT_RETAIN_SELF = YES;
				CLANG_WARN_OBJC_LITERAL_CONVERSION = YES;
				CLANG_WARN_OBJC_ROOT_CLASS = YES_ERROR;
				CLANG_WARN_QUOTED_INCLUDE_IN_FRAMEWORK_HEADER = YES;
				CLANG_WARN_RANGE_LOOP_ANALYSIS = YES;
				CLANG_WARN_STRICT_PROTOTYPES = YES;
				CLANG_WARN_SUSPICIOUS_MOVE = YES;
				CLANG_WARN_UNGUARDED_AVAILABILITY = YES_AGGRESSIVE;
				CLANG_WARN_UNREACHABLE_CODE = YES;
				CLANG_WARN__DUPLICATE_METHOD_MATCH = YES;
				COPY_PHASE_STRIP = NO;
				DEBUG_INFORMATION_FORMAT = "dwarf-with-dsym";
				ENABLE_NS_ASSERTIONS = NO;
				ENABLE_STRICT_OBJC_MSGSEND = YES;
				GCC_C_LANGUAGE_STANDARD = gnu11;
				GCC_NO_COMMON_BLOCKS = YES;
				GCC_WARN_64_TO_32_BIT_CONVERSION = YES;
				GCC_WARN_ABOUT_RETURN_TYPE = YES_ERROR;
				GCC_WARN_UNDECLARED_SELECTOR = YES;
				GCC_WARN_UNINITIALIZED_AUTOS = YES_AGGRESSIVE;
				GCC_WARN_UNUSED_FUNCTION = YES;
				GCC_WARN_UNUSED_VARIABLE = YES;
				IPHONEOS_DEPLOYMENT_TARGET = 15.4;
				MTL_ENABLE_DEBUG_INFO = NO;
				MTL_FAST_MATH = YES;
				SDKROOT = iphoneos;
				SWIFT_COMPILATION_MODE = wholemodule;
				SWIFT_OPTIMIZATION_LEVEL = "-O";
				VALIDATE_PRODUCT = YES;
			};
			name = Release;
		};
		7BCE63FC285AFD7E005AAD24 /* Debug */ = {
			isa = XCBuildConfiguration;
			buildSettings = {
				ASSETCATALOG_COMPILER_APPICON_NAME = AppIcon;
				ASSETCATALOG_COMPILER_GLOBAL_ACCENT_COLOR_NAME = AccentColor;
				CODE_SIGN_STYLE = Automatic;
				CURRENT_PROJECT_VERSION = 1;
				GENERATE_INFOPLIST_FILE = YES;
				INFOPLIST_FILE = ToDoList/Info.plist;
				INFOPLIST_KEY_UIApplicationSupportsIndirectInputEvents = YES;
				INFOPLIST_KEY_UILaunchStoryboardName = LaunchScreen;
				INFOPLIST_KEY_UIMainStoryboardFile = Main;
				INFOPLIST_KEY_UISupportedInterfaceOrientations_iPad = "UIInterfaceOrientationPortrait UIInterfaceOrientationPortraitUpsideDown UIInterfaceOrientationLandscapeLeft UIInterfaceOrientationLandscapeRight";
				INFOPLIST_KEY_UISupportedInterfaceOrientations_iPhone = "UIInterfaceOrientationPortrait UIInterfaceOrientationLandscapeLeft UIInterfaceOrientationLandscapeRight";
				IPHONEOS_DEPLOYMENT_TARGET = 15.2;
				LD_RUNPATH_SEARCH_PATHS = (
					"$(inherited)",
					"@executable_path/Frameworks",
				);
				MARKETING_VERSION = 1.0;
				PRODUCT_BUNDLE_IDENTIFIER = com.ocbcnisp.ToDoList;
				PRODUCT_NAME = "$(TARGET_NAME)";
				SWIFT_EMIT_LOC_STRINGS = YES;
				SWIFT_VERSION = 5.0;
				TARGETED_DEVICE_FAMILY = "1,2";
			};
			name = Debug;
		};
		7BCE63FD285AFD7E005AAD24 /* Release */ = {
			isa = XCBuildConfiguration;
			buildSettings = {
				ASSETCATALOG_COMPILER_APPICON_NAME = AppIcon;
				ASSETCATALOG_COMPILER_GLOBAL_ACCENT_COLOR_NAME = AccentColor;
				CODE_SIGN_STYLE = Automatic;
				CURRENT_PROJECT_VERSION = 1;
				GENERATE_INFOPLIST_FILE = YES;
				INFOPLIST_FILE = ToDoList/Info.plist;
				INFOPLIST_KEY_UIApplicationSupportsIndirectInputEvents = YES;
				INFOPLIST_KEY_UILaunchStoryboardName = LaunchScreen;
				INFOPLIST_KEY_UIMainStoryboardFile = Main;
				INFOPLIST_KEY_UISupportedInterfaceOrientations_iPad = "UIInterfaceOrientationPortrait UIInterfaceOrientationPortraitUpsideDown UIInterfaceOrientationLandscapeLeft UIInterfaceOrientationLandscapeRight";
				INFOPLIST_KEY_UISupportedInterfaceOrientations_iPhone = "UIInterfaceOrientationPortrait UIInterfaceOrientationLandscapeLeft UIInterfaceOrientationLandscapeRight";
				IPHONEOS_DEPLOYMENT_TARGET = 15.2;
				LD_RUNPATH_SEARCH_PATHS = (
					"$(inherited)",
					"@executable_path/Frameworks",
				);
				MARKETING_VERSION = 1.0;
				PRODUCT_BUNDLE_IDENTIFIER = com.ocbcnisp.ToDoList;
				PRODUCT_NAME = "$(TARGET_NAME)";
				SWIFT_EMIT_LOC_STRINGS = YES;
				SWIFT_VERSION = 5.0;
				TARGETED_DEVICE_FAMILY = "1,2";
			};
			name = Release;
		};
/* End XCBuildConfiguration section */

/* Begin XCConfigurationList section */
		7BCE63DF285AFD7B005AAD24 /* Build configuration list for PBXProject "ToDoList" */ = {
			isa = XCConfigurationList;
			buildConfigurations = (
				7BCE63F9285AFD7E005AAD24 /* Debug */,
				7BCE63FA285AFD7E005AAD24 /* Release */,
			);
			defaultConfigurationIsVisible = 0;
			defaultConfigurationName = Release;
		};
		7BCE63FB285AFD7E005AAD24 /* Build configuration list for PBXNativeTarget "ToDoList" */ = {
			isa = XCConfigurationList;
			buildConfigurations = (
				7BCE63FC285AFD7E005AAD24 /* Debug */,
				7BCE63FD285AFD7E005AAD24 /* Release */,
			);
			defaultConfigurationIsVisible = 0;
			defaultConfigurationName = Release;
		};
/* End XCConfigurationList section */

/* Begin XCVersionGroup section */
		7BCE63F0285AFD7B005AAD24 /* ToDoList.xcdatamodeld */ = {
			isa = XCVersionGroup;
			children = (
				7BCE63F1285AFD7B005AAD24 /* ToDoList.xcdatamodel */,
			);
			currentVersion = 7BCE63F1285AFD7B005AAD24 /* ToDoList.xcdatamodel */;
			path = ToDoList.xcdatamodeld;
			sourceTree = "<group>";
			versionGroupType = wrapper.xcdatamodel;
		};
/* End XCVersionGroup section */
	};
	rootObject = 7BCE63DC285AFD7B005AAD24 /* Project object */;
}
